
Microsoft Visual Studio Solution File, Format Version 12.00
# Visual Studio Version 16
VisualStudioVersion = 16.0.30204.135
MinimumVisualStudioVersion = 10.0.40219.1
Project("{FAE04EC0-301F-11D3-BF4B-00C04F79EFBC}") = "SpotYou", "SpotYou\SpotYou.csproj", "{A7E8D16E-43D9-4452-8D2D-D5A91BF234CD}"
EndProject
Global
	GlobalSection(SolutionConfigurationPlatforms) = preSolution
		Debug|Any CPU = Debug|Any CPU
		Release|Any CPU = Release|Any CPU
	EndGlobalSection
	GlobalSection(ProjectConfigurationPlatforms) = postSolution
		{A7E8D16E-43D9-4452-8D2D-D5A91BF234CD}.Debug|Any CPU.ActiveCfg = Debug|Any CPU
		{A7E8D16E-43D9-4452-8D2D-D5A91BF234CD}.Debug|Any CPU.Build.0 = Debug|Any CPU
		{A7E8D16E-43D9-4452-8D2D-D5A91BF234CD}.Release|Any CPU.ActiveCfg = Release|Any CPU
		{A7E8D16E-43D9-4452-8D2D-D5A91BF234CD}.Release|Any CPU.Build.0 = Release|Any CPU
	EndGlobalSection
	GlobalSection(SolutionProperties) = preSolution
		HideSolutionNode = FALSE
	EndGlobalSection
	GlobalSection(ExtensibilityGlobals) = postSolution
		SolutionGuid = {1E5F9D03-55CA-4520-B534-45F035E90B3B}
	EndGlobalSection
EndGlobal
